{
  "version": 4,
  "terraform_version": "1.4.6",
  "serial": 37,
  "lineage": "eba00ac6-dd41-2a2e-1bc8-02a613d46e9e",
  "outputs": {},
  "resources": [
    {
      "mode": "data",
      "type": "google_client_config",
      "name": "default",
      "provider": "provider[\"registry.terraform.io/hashicorp/google\"]",
      "instances": [
        {
          "schema_version": 0,
          "attributes": {
            "access_token": "ya29.c.b0Aaekm1L0K4hHN1zi0eh2kICdpQd2tlBGFEJZv9gUjjRKudYtC_2_tJVVHoEBpbpeQLQ1-A3B1SM9rHEVAtXenpoyCKvJ-3b6-Jv8KMXyzb_kOjGE_HjbZqs1T-xNYc4EG4H-NrdM56sPTKnQGp7nihyUcoiTJPuXmcvCsX77rQBMUiGCL8x0pHu9Xb8MzplEZyalV8SCbF6m9x005hB0GNPYbcZvm_-s7SoPfTilsCIGfp0TtWGMwW5FSpyIxRZTnYnsXfbgSUw8w426EjsWwHrn1ciETSYuvP0IE0auE3f3KlFRlRjTMwEjSvGTQ10hoj4Bj8eBnTAT340P3In2pjY74b1JVgZFkYZ-wnio6_ghXr61t1daWa4fVc4nSwWwhiSy8X_YFyW0FIdO0eukv_7wbR2kVwyffrjQgsle44RJ-a86ubfeh8U3VBiR4Xqput5njQiR_ZY_1wU6aw_2sMW6ois6h_yuSBvQxo6vj0MB09wrXnJy2b1V2Ba90YtWB4SIj9J9xWWqjgwUkgb3mWBS4_zl0Xpd5715Vm4c5tZMyc2iBXYda447uU4oybk8fzjc3zZVUnJep4ggBY_yR_wVthM9z6mZX9aYBYlJJ7OMJIW0qUyfn2aYaZRyxzF0pV6dzxoajoJOWn9-eO28Qe6wi_vxeYMhvFVxivqhj_IQ3XJzskhqBy4v_es7h_u7Qyn0X8YoVe6eMMStdzJ3IFVxuFl26oYtYQklkv7n7S3ahR6gFqfSx3grea0XXjl4WWmFuQ_hnU9UZnQQomqe5wUp8Oepv3ckekMwqeyjM2Z_Fg8B2U_mRj0a91Vo8SM5ZtYOs0FRaIBY2ZJZaa1onMZ31Jo-UBbQj7dUO4W1iom_rj30Wnx_MrYaOq_4Vje4OdF6zWdXSUdJkwwee4nVnUk0f-_oYkzB3Bf6Xq3_pXY926vU2R0g5xxFVR51vsg6ffXzttzRoglmV6FFUv_vv_-grvBYfg2n24Vyrs7iq0bfpylck9dRi0f",
            "id": "projects/project-demo-385203/regions/us-central1/zones/us-central1-c",
            "project": "project-demo-385203",
            "region": "us-central1",
            "zone": "us-central1-c"
          },
          "sensitive_attributes": []
        }
      ]
    },
    {
      "mode": "managed",
      "type": "google_compute_network",
      "name": "vpc_network",
      "provider": "provider[\"registry.terraform.io/hashicorp/google\"]",
      "instances": [
        {
          "schema_version": 0,
          "attributes": {
            "auto_create_subnetworks": true,
            "delete_default_routes_on_create": false,
            "description": "",
            "enable_ula_internal_ipv6": false,
            "gateway_ipv4": "",
            "id": "projects/project-demo-385203/global/networks/terraform-network",
            "internal_ipv6_range": "",
            "mtu": 0,
            "name": "terraform-network",
            "project": "project-demo-385203",
            "routing_mode": "REGIONAL",
            "self_link": "https://www.googleapis.com/compute/v1/projects/project-demo-385203/global/networks/terraform-network",
            "timeouts": null
          },
          "sensitive_attributes": [],
          "private": "eyJlMmJmYjczMC1lY2FhLTExZTYtOGY4OC0zNDM2M2JjN2M0YzAiOnsiY3JlYXRlIjoxMjAwMDAwMDAwMDAwLCJkZWxldGUiOjEyMDAwMDAwMDAwMDAsInVwZGF0ZSI6MTIwMDAwMDAwMDAwMH19"
        }
      ]
    },
    {
      "module": "module.k8s",
      "mode": "managed",
      "type": "google_compute_ssl_policy",
      "name": "ssl-policy",
      "provider": "provider[\"registry.terraform.io/hashicorp/google\"]",
      "instances": [
        {
          "schema_version": 0,
          "attributes": {
            "creation_timestamp": "2023-04-29T13:19:46.753-07:00",
            "custom_features": null,
            "description": "",
            "enabled_features": [
              "TLS_ECDHE_ECDSA_WITH_AES_128_CBC_SHA",
              "TLS_ECDHE_ECDSA_WITH_AES_128_GCM_SHA256",
              "TLS_ECDHE_ECDSA_WITH_AES_256_CBC_SHA",
              "TLS_ECDHE_ECDSA_WITH_AES_256_GCM_SHA384",
              "TLS_ECDHE_ECDSA_WITH_CHACHA20_POLY1305_SHA256",
              "TLS_ECDHE_RSA_WITH_AES_128_CBC_SHA",
              "TLS_ECDHE_RSA_WITH_AES_128_GCM_SHA256",
              "TLS_ECDHE_RSA_WITH_AES_256_CBC_SHA",
              "TLS_ECDHE_RSA_WITH_AES_256_GCM_SHA384",
              "TLS_ECDHE_RSA_WITH_CHACHA20_POLY1305_SHA256",
              "TLS_RSA_WITH_3DES_EDE_CBC_SHA",
              "TLS_RSA_WITH_AES_128_CBC_SHA",
              "TLS_RSA_WITH_AES_128_GCM_SHA256",
              "TLS_RSA_WITH_AES_256_CBC_SHA",
              "TLS_RSA_WITH_AES_256_GCM_SHA384"
            ],
            "fingerprint": "iz0ceNUh00M=",
            "id": "projects/project-demo-385203/global/sslPolicies/ssl-policy",
            "min_tls_version": "TLS_1_2",
            "name": "ssl-policy",
            "profile": "COMPATIBLE",
            "project": "project-demo-385203",
            "self_link": "https://www.googleapis.com/compute/v1/projects/project-demo-385203/global/sslPolicies/ssl-policy",
            "timeouts": null
          },
          "sensitive_attributes": [],
          "private": "eyJlMmJmYjczMC1lY2FhLTExZTYtOGY4OC0zNDM2M2JjN2M0YzAiOnsiY3JlYXRlIjoxMjAwMDAwMDAwMDAwLCJkZWxldGUiOjEyMDAwMDAwMDAwMDAsInVwZGF0ZSI6MTIwMDAwMDAwMDAwMH19"
        }
      ]
    },
    {
      "module": "module.k8s",
      "mode": "managed",
      "type": "google_container_cluster",
      "name": "gke-cluster",
      "provider": "provider[\"registry.terraform.io/hashicorp/google\"]",
      "instances": [
        {
          "schema_version": 1,
          "attributes": {
            "addons_config": [
              {
                "cloudrun_config": [],
                "config_connector_config": [],
                "dns_cache_config": [],
                "gce_persistent_disk_csi_driver_config": [
                  {
                    "enabled": true
                  }
                ],
                "gcp_filestore_csi_driver_config": [],
                "gke_backup_agent_config": [],
                "horizontal_pod_autoscaling": [],
                "http_load_balancing": [],
                "network_policy_config": [
                  {
                    "disabled": true
                  }
                ]
              }
            ],
            "authenticator_groups_config": [],
            "binary_authorization": [
              {
                "enabled": false,
                "evaluation_mode": ""
              }
            ],
            "cluster_autoscaling": [
              {
                "auto_provisioning_defaults": [],
                "enabled": false,
                "resource_limits": []
              }
            ],
            "cluster_ipv4_cidr": "10.108.0.0/14",
            "confidential_nodes": [],
            "cost_management_config": [],
            "database_encryption": [
              {
                "key_name": "",
                "state": "DECRYPTED"
              }
            ],
            "datapath_provider": "",
            "default_max_pods_per_node": null,
            "default_snat_status": [
              {
                "disabled": false
              }
            ],
            "description": "",
            "dns_config": [],
            "enable_autopilot": false,
            "enable_binary_authorization": false,
            "enable_intranode_visibility": false,
            "enable_kubernetes_alpha": false,
            "enable_l4_ilb_subsetting": false,
            "enable_legacy_abac": false,
            "enable_shielded_nodes": true,
            "enable_tpu": false,
            "endpoint": "34.123.12.198",
            "gateway_api_config": [],
            "id": "projects/project-demo-385203/locations/us-central1-c/clusters/my-gke-cluster",
            "initial_node_count": 1,
            "ip_allocation_policy": [],
            "label_fingerprint": "a9dc16a7",
            "location": "us-central1-c",
            "logging_config": [
              {
                "enable_components": [
                  "SYSTEM_COMPONENTS",
                  "WORKLOADS"
                ]
              }
            ],
            "logging_service": "logging.googleapis.com/kubernetes",
            "maintenance_policy": [],
            "master_auth": [
              {
                "client_certificate": "",
                "client_certificate_config": [
                  {
                    "issue_client_certificate": false
                  }
                ],
                "client_key": "",
                "cluster_ca_certificate": "LS0tLS1CRUdJTiBDRVJUSUZJQ0FURS0tLS0tCk1JSUVMVENDQXBXZ0F3SUJBZ0lSQUo4ZndPM3ZVc0J6Nk5xY09KYWg5b013RFFZSktvWklodmNOQVFFTEJRQXcKTHpFdE1Dc0dBMVVFQXhNa05XRTFaRE14TnpRdE5XRXdOeTAwTlRNMExUaG1PVFl0WVdVMk4yUXlNR1l6WXpnMApNQ0FYRFRJek1EUXlPVEEwTlRZMU9Wb1lEekl3TlRNd05ESXhNRFUxTmpVNVdqQXZNUzB3S3dZRFZRUURFeVExCllUVmtNekUzTkMwMVlUQTNMVFExTXpRdE9HWTVOaTFoWlRZM1pESXdaak5qT0RRd2dnR2lNQTBHQ1NxR1NJYjMKRFFFQkFRVUFBNElCandBd2dnR0tBb0lCZ1FEbGVsdDEzdlNJNWJJU3N0ZG51c0RsYkRxdlJSeEM5OFBVYStHZwpqUHQ3ZU1lbVhHRm5GZEQ5RGR3a2JVV25SWURXWnRjdklXbGlZK092NjJucEUxMEVIeWphakFWblNJYnlTTTl5CnJPSHFSNVo4YlZQMXJaWG83VFpxWXpYK0dXaEVuWGFWWmZKYUhIOFd3VWJnWHo0cDJZY21IZ29NdGNGT3pwS2IKN3ZYeHpMWXJ4a2tiY29xcFM0KzFHajE3VlduOElzajhHR3BnbDY0SUw2YXJpN0hadHlQOWpqdXo3V29FOVNiKwpnanY3ZHdBZlJ0c3FZYk1Pa3o1NEJGMm5BdjRNZkxWN3lHbjBYN0NlNll6UmU3RTN0OStmaU8zSUZqWm1vQ0J2CjhIWjBQK0kxcUcvYnQ3cXhrb1A3aW1IQnp5TzdwL2JoMXZjc0JET1dIRzB0dG9TNVdPcmI0L1BVc2kwY0N0VkMKQVhDaXhSRXdzN2RmNU5RazN2QTNrTWt1dkFCWkNPS3dZeGt4dnYvM09kb05ZaktBVi9PSnB3cHgvQmhEbzJtVAp0UUZaY0VtZ1NJTm41Lzd1ZTRWOVFiV2FreE5DYkpodjRDTW1qTjA3MHhvOGFxY3d3bUJWZEx1VzZVUnZxL0hnCmtzWGJDZkxIRnd6WXZkQjNYSFFqUEF4cndwc0NBd0VBQWFOQ01FQXdEZ1lEVlIwUEFRSC9CQVFEQWdJRU1BOEcKQTFVZEV3RUIvd1FGTUFNQkFmOHdIUVlEVlIwT0JCWUVGSEtveDZQZSthR0x0MXd0VVZNY3kzcFpndHAyTUEwRwpDU3FHU0liM0RRRUJDd1VBQTRJQmdRQnd5Z2IyL2FUUHJCeFliRXlIMllQMWhTSDNlc1FjdExDcldhV3VNYVg5CnpPWURJSFMyQU5mUjBQRlRXQVBZTWIyaEhIU2xXRzdKNWFYZnhKK3dabVBuOHEwRU1qOUtyNlFzVVB0a0MrVjUKQ29rOS9IYm90eWE5NUZEM0p5SEh2eTlkQmZITlNVSlBHeUZoNUdUVkZTaDllelJPRHlUTkhLSTdmR2I2TS9CNApwTzBSRFU2dVEyS2xUM01rTlVQZkRRZXhsTVZtOUNYV1ZuYUluNHJaRTdPWnhhQU9qbUpjQTFvN1JpNlpCUWN6ClBpUjc1TTJpZWEwVjFabTk2cWZOVWRDZ0xNNUllckhZUk42L1FnWmcrWU9rMlRqeVJBaFJ0M2ZqUDE3WmVrNSsKM1lvM0t6SWZ3VDRyandvSVRGSDFpbE92Y0hpc0QvMW0rRjh5ZHJ4YWRCdE95N0doVGM2YjRYUXBtbDhtYUIzLwpzOStQVTZhV3hnMC9zemRYYVFZRHpwWi9zTThaa2ZPclh2bU1FV2QzN1VyYXV1OUxrb1BsdnVmR0F6cVpCV3oxCkwwRkNEMmc3RE1MSFhpVnlhM3RXcDRja3pHeW80cGkzK3VRU1B2dmdFSXB2eGxXUnVDemJGRThHNjdMRjVnc0sKdXpOSW9VK2wzYWprdlJoaCtFMWtGUUU9Ci0tLS0tRU5EIENFUlRJRklDQVRFLS0tLS0K"
              }
            ],
            "master_authorized_networks_config": [],
            "master_version": "1.25.7-gke.1000",
            "mesh_certificates": [],
            "min_master_version": null,
            "monitoring_config": [
              {
                "enable_components": [
                  "SYSTEM_COMPONENTS"
                ],
                "managed_prometheus": []
              }
            ],
            "monitoring_service": "monitoring.googleapis.com/kubernetes",
            "name": "my-gke-cluster",
            "network": "projects/project-demo-385203/global/networks/default",
            "network_policy": [
              {
                "enabled": false,
                "provider": "PROVIDER_UNSPECIFIED"
              }
            ],
            "networking_mode": "ROUTES",
            "node_config": [
              {
                "boot_disk_kms_key": "",
                "disk_size_gb": 100,
                "disk_type": "pd-balanced",
                "gcfs_config": [],
                "guest_accelerator": [],
                "gvnic": [],
                "image_type": "COS_CONTAINERD",
                "kubelet_config": [],
                "labels": {},
                "linux_node_config": [],
                "local_ssd_count": 0,
                "logging_variant": "DEFAULT",
                "machine_type": "e2-micro",
                "metadata": {
                  "disable-legacy-endpoints": "true"
                },
                "min_cpu_platform": "",
                "node_group": "",
                "oauth_scopes": [
                  "https://www.googleapis.com/auth/devstorage.read_only",
                  "https://www.googleapis.com/auth/logging.write",
                  "https://www.googleapis.com/auth/monitoring",
                  "https://www.googleapis.com/auth/service.management.readonly",
                  "https://www.googleapis.com/auth/servicecontrol",
                  "https://www.googleapis.com/auth/trace.append"
                ],
                "preemptible": true,
                "reservation_affinity": [],
                "resource_labels": {},
                "service_account": "default",
                "shielded_instance_config": [
                  {
                    "enable_integrity_monitoring": true,
                    "enable_secure_boot": false
                  }
                ],
                "spot": false,
                "tags": [],
                "taint": [],
                "workload_metadata_config": []
              }
            ],
            "node_locations": [],
            "node_pool": [
              {
                "autoscaling": [],
                "initial_node_count": 1,
                "instance_group_urls": [
                  "https://www.googleapis.com/compute/v1/projects/project-demo-385203/zones/us-central1-c/instanceGroupManagers/gke-my-gke-cluster-node1-cc2c1958-grp"
                ],
                "managed_instance_group_urls": [
                  "https://www.googleapis.com/compute/v1/projects/project-demo-385203/zones/us-central1-c/instanceGroups/gke-my-gke-cluster-node1-cc2c1958-grp"
                ],
                "management": [
                  {
                    "auto_repair": true,
                    "auto_upgrade": true
                  }
                ],
                "max_pods_per_node": 0,
                "name": "node1",
                "name_prefix": "",
                "network_config": [
                  {
                    "create_pod_range": false,
                    "enable_private_nodes": false,
                    "pod_ipv4_cidr_block": "",
                    "pod_range": ""
                  }
                ],
                "node_config": [
                  {
                    "boot_disk_kms_key": "",
                    "disk_size_gb": 100,
                    "disk_type": "pd-balanced",
                    "gcfs_config": [],
                    "guest_accelerator": [],
                    "gvnic": [],
                    "image_type": "COS_CONTAINERD",
                    "kubelet_config": [],
                    "labels": {},
                    "linux_node_config": [],
                    "local_ssd_count": 0,
                    "logging_variant": "DEFAULT",
                    "machine_type": "e2-micro",
                    "metadata": {
                      "disable-legacy-endpoints": "true"
                    },
                    "min_cpu_platform": "",
                    "node_group": "",
                    "oauth_scopes": [
                      "https://www.googleapis.com/auth/devstorage.read_only",
                      "https://www.googleapis.com/auth/logging.write",
                      "https://www.googleapis.com/auth/monitoring",
                      "https://www.googleapis.com/auth/service.management.readonly",
                      "https://www.googleapis.com/auth/servicecontrol",
                      "https://www.googleapis.com/auth/trace.append"
                    ],
                    "preemptible": true,
                    "reservation_affinity": [],
                    "resource_labels": {},
                    "service_account": "default",
                    "shielded_instance_config": [
                      {
                        "enable_integrity_monitoring": true,
                        "enable_secure_boot": false
                      }
                    ],
                    "spot": false,
                    "tags": [],
                    "taint": [],
                    "workload_metadata_config": []
                  }
                ],
                "node_count": 1,
                "node_locations": [
                  "us-central1-c"
                ],
                "placement_policy": [],
                "upgrade_settings": [
                  {
                    "blue_green_settings": [],
                    "max_surge": 1,
                    "max_unavailable": 0,
                    "strategy": "SURGE"
                  }
                ],
                "version": "1.25.7-gke.1000"
              }
            ],
            "node_pool_defaults": [
              {
                "node_config_defaults": [
                  {
                    "logging_variant": "DEFAULT"
                  }
                ]
              }
            ],
            "node_version": "1.25.7-gke.1000",
            "notification_config": [
              {
                "pubsub": [
                  {
                    "enabled": false,
                    "filter": [],
                    "topic": ""
                  }
                ]
              }
            ],
            "operation": null,
            "private_cluster_config": [
              {
                "enable_private_endpoint": false,
                "enable_private_nodes": false,
                "master_global_access_config": [
                  {
                    "enabled": false
                  }
                ],
                "master_ipv4_cidr_block": "",
                "peering_name": "",
                "private_endpoint": "10.128.0.2",
                "private_endpoint_subnetwork": "",
                "public_endpoint": "34.123.12.198"
              }
            ],
            "private_ipv6_google_access": "",
            "project": "project-demo-385203",
            "release_channel": [
              {
                "channel": "REGULAR"
              }
            ],
            "remove_default_node_pool": true,
            "resource_labels": {},
            "resource_usage_export_config": [],
            "self_link": "https://container.googleapis.com/v1/projects/project-demo-385203/zones/us-central1-c/clusters/my-gke-cluster",
            "service_external_ips_config": [
              {
                "enabled": false
              }
            ],
            "services_ipv4_cidr": "10.111.240.0/20",
            "subnetwork": "projects/project-demo-385203/regions/us-central1/subnetworks/default",
            "timeouts": null,
            "tpu_ipv4_cidr_block": "",
            "vertical_pod_autoscaling": [],
            "workload_identity_config": []
          },
          "sensitive_attributes": [],
          "private": "eyJlMmJmYjczMC1lY2FhLTExZTYtOGY4OC0zNDM2M2JjN2M0YzAiOnsiY3JlYXRlIjoyNDAwMDAwMDAwMDAwLCJkZWxldGUiOjI0MDAwMDAwMDAwMDAsInJlYWQiOjI0MDAwMDAwMDAwMDAsInVwZGF0ZSI6MzYwMDAwMDAwMDAwMH0sInNjaGVtYV92ZXJzaW9uIjoiMSJ9"
        }
      ]
    },
    {
      "module": "module.k8s",
      "mode": "managed",
      "type": "google_container_node_pool",
      "name": "primary_preemptible_nodes",
      "provider": "provider[\"registry.terraform.io/hashicorp/google\"]",
      "instances": [
        {
          "schema_version": 1,
          "attributes": {
            "autoscaling": [],
            "cluster": "projects/project-demo-385203/locations/us-central1-c/clusters/my-gke-cluster",
            "id": "projects/project-demo-385203/locations/us-central1-c/clusters/my-gke-cluster/nodePools/node1",
            "initial_node_count": 1,
            "instance_group_urls": [
              "https://www.googleapis.com/compute/v1/projects/project-demo-385203/zones/us-central1-c/instanceGroupManagers/gke-my-gke-cluster-node1-cc2c1958-grp"
            ],
            "location": "us-central1-c",
            "managed_instance_group_urls": [
              "https://www.googleapis.com/compute/v1/projects/project-demo-385203/zones/us-central1-c/instanceGroups/gke-my-gke-cluster-node1-cc2c1958-grp"
            ],
            "management": [
              {
                "auto_repair": true,
                "auto_upgrade": true
              }
            ],
            "max_pods_per_node": null,
            "name": "node1",
            "name_prefix": "",
            "network_config": [
              {
                "create_pod_range": false,
                "enable_private_nodes": false,
                "pod_ipv4_cidr_block": "",
                "pod_range": ""
              }
            ],
            "node_config": [
              {
                "boot_disk_kms_key": "",
                "disk_size_gb": 100,
                "disk_type": "pd-balanced",
                "gcfs_config": [],
                "guest_accelerator": [],
                "gvnic": [],
                "image_type": "COS_CONTAINERD",
                "kubelet_config": [],
                "labels": {},
                "linux_node_config": [],
                "local_ssd_count": 0,
                "logging_variant": "DEFAULT",
                "machine_type": "e2-micro",
                "metadata": {
                  "disable-legacy-endpoints": "true"
                },
                "min_cpu_platform": "",
                "node_group": "",
                "oauth_scopes": [
                  "https://www.googleapis.com/auth/devstorage.read_only",
                  "https://www.googleapis.com/auth/logging.write",
                  "https://www.googleapis.com/auth/monitoring",
                  "https://www.googleapis.com/auth/service.management.readonly",
                  "https://www.googleapis.com/auth/servicecontrol",
                  "https://www.googleapis.com/auth/trace.append"
                ],
                "preemptible": true,
                "reservation_affinity": [],
                "resource_labels": {},
                "service_account": "default",
                "shielded_instance_config": [
                  {
                    "enable_integrity_monitoring": true,
                    "enable_secure_boot": false
                  }
                ],
                "spot": false,
                "tags": [],
                "taint": [],
                "workload_metadata_config": []
              }
            ],
            "node_count": 1,
            "node_locations": [
              "us-central1-c"
            ],
            "operation": null,
            "placement_policy": [],
            "project": "project-demo-385203",
            "timeouts": null,
            "upgrade_settings": [
              {
                "blue_green_settings": [],
                "max_surge": 1,
                "max_unavailable": 0,
                "strategy": "SURGE"
              }
            ],
            "version": "1.25.7-gke.1000"
          },
          "sensitive_attributes": [],
          "private": "eyJlMmJmYjczMC1lY2FhLTExZTYtOGY4OC0zNDM2M2JjN2M0YzAiOnsiY3JlYXRlIjoxODAwMDAwMDAwMDAwLCJkZWxldGUiOjE4MDAwMDAwMDAwMDAsInVwZGF0ZSI6MTgwMDAwMDAwMDAwMH0sInNjaGVtYV92ZXJzaW9uIjoiMSJ9",
          "dependencies": [
            "module.k8s.google_container_cluster.gke-cluster"
          ]
        }
      ]
    },
    {
      "module": "module.k8s",
      "mode": "managed",
      "type": "kubernetes_manifest",
      "name": "frontendConfig",
      "provider": "provider[\"registry.terraform.io/hashicorp/kubernetes\"]",
      "instances": [
        {
          "schema_version": 1,
          "attributes": {
            "computed_fields": null,
            "field_manager": [],
            "manifest": {
              "value": {
                "apiVersion": "networking.gke.io/v1beta1",
                "kind": "FrontendConfig",
                "metadata": {
                  "name": "frontend-config",
                  "namespace": "dev"
                },
                "spec": {
                  "sslPolicy": "ssl-policy"
                }
              },
              "type": [
                "object",
                {
                  "apiVersion": "string",
                  "kind": "string",
                  "metadata": [
                    "object",
                    {
                      "name": "string",
                      "namespace": "string"
                    }
                  ],
                  "spec": [
                    "object",
                    {
                      "sslPolicy": "string"
                    }
                  ]
                }
              ]
            },
            "object": {
              "value": {
                "apiVersion": "networking.gke.io/v1beta1",
                "kind": "FrontendConfig",
                "metadata": {
                  "annotations": null,
                  "creationTimestamp": null,
                  "deletionGracePeriodSeconds": null,
                  "deletionTimestamp": null,
                  "finalizers": null,
                  "generateName": null,
                  "generation": null,
                  "labels": null,
                  "managedFields": null,
                  "name": "frontend-config",
                  "namespace": "dev",
                  "ownerReferences": null,
                  "resourceVersion": null,
                  "selfLink": null,
                  "uid": null
                },
                "spec": {
                  "redirectToHttps": {
                    "enabled": null,
                    "responseCodeName": null
                  },
                  "sslPolicy": "ssl-policy"
                }
              },
              "type": [
                "object",
                {
                  "apiVersion": "string",
                  "kind": "string",
                  "metadata": [
                    "object",
                    {
                      "annotations": [
                        "map",
                        "string"
                      ],
                      "creationTimestamp": "string",
                      "deletionGracePeriodSeconds": "number",
                      "deletionTimestamp": "string",
                      "finalizers": [
                        "list",
                        "string"
                      ],
                      "generateName": "string",
                      "generation": "number",
                      "labels": [
                        "map",
                        "string"
                      ],
                      "managedFields": [
                        "tuple",
                        [
                          [
                            "object",
                            {
                              "apiVersion": "string",
                              "fieldsType": "string",
                              "fieldsV1": "dynamic",
                              "manager": "string",
                              "operation": "string",
                              "subresource": "string",
                              "time": "string"
                            }
                          ]
                        ]
                      ],
                      "name": "string",
                      "namespace": "string",
                      "ownerReferences": [
                        "list",
                        [
                          "object",
                          {
                            "apiVersion": "string",
                            "blockOwnerDeletion": "bool",
                            "controller": "bool",
                            "kind": "string",
                            "name": "string",
                            "uid": "string"
                          }
                        ]
                      ],
                      "resourceVersion": "string",
                      "selfLink": "string",
                      "uid": "string"
                    }
                  ],
                  "spec": [
                    "object",
                    {
                      "redirectToHttps": [
                        "object",
                        {
                          "enabled": "bool",
                          "responseCodeName": "string"
                        }
                      ],
                      "sslPolicy": "string"
                    }
                  ]
                }
              ]
            },
            "timeouts": [],
            "wait": [],
            "wait_for": null
          },
          "sensitive_attributes": [],
          "dependencies": [
            "data.google_client_config.default",
            "module.k8s.google_compute_ssl_policy.ssl-policy",
            "module.k8s.google_container_cluster.gke-cluster"
          ]
        }
      ]
    },
    {
      "module": "module.k8s",
      "mode": "managed",
      "type": "kubernetes_namespace",
      "name": "namespace",
      "provider": "provider[\"registry.terraform.io/hashicorp/kubernetes\"]",
      "instances": [
        {
          "schema_version": 0,
          "attributes": {
            "id": "dev",
            "metadata": [
              {
                "annotations": {},
                "generate_name": "",
                "generation": 0,
                "labels": {},
                "name": "dev",
                "resource_version": "393772",
                "uid": "6306ff62-4230-4e9c-a80b-671938e2e977"
              }
            ],
            "timeouts": null
          },
          "sensitive_attributes": [],
          "private": "eyJlMmJmYjczMC1lY2FhLTExZTYtOGY4OC0zNDM2M2JjN2M0YzAiOnsiZGVsZXRlIjozMDAwMDAwMDAwMDB9fQ==",
          "dependencies": [
            "data.google_client_config.default",
            "module.k8s.google_container_cluster.gke-cluster"
          ]
        }
      ]
    },
    {
      "module": "module.k8s",
      "mode": "managed",
      "type": "kubernetes_pod",
      "name": "pod",
      "provider": "provider[\"registry.terraform.io/hashicorp/kubernetes\"]",
      "instances": [
        {
          "schema_version": 1,
          "attributes": {
            "id": "default/ngnix-pod",
            "metadata": [
              {
                "annotations": {},
                "generate_name": "",
                "generation": 0,
                "labels": {
                  "app": "nginx",
                  "namespace": "dev"
                },
                "name": "ngnix-pod",
                "namespace": "default",
                "resource_version": "395671",
                "uid": "c89ed016-21fa-457b-85c6-4386f76c7b10"
              }
            ],
            "spec": [
              {
                "active_deadline_seconds": 0,
                "affinity": [],
                "automount_service_account_token": true,
                "container": [
                  {
                    "args": [],
                    "command": [],
                    "env": [],
                    "env_from": [],
                    "image": "nginx",
                    "image_pull_policy": "Always",
                    "lifecycle": [],
                    "liveness_probe": [],
                    "name": "nginx",
                    "port": [],
                    "readiness_probe": [],
                    "resources": [
                      {
                        "limits": {},
                        "requests": {}
                      }
                    ],
                    "security_context": [],
                    "startup_probe": [],
                    "stdin": false,
                    "stdin_once": false,
                    "termination_message_path": "/dev/termination-log",
                    "termination_message_policy": "File",
                    "tty": false,
                    "volume_mount": [],
                    "working_dir": ""
                  }
                ],
                "dns_config": [],
                "dns_policy": "ClusterFirst",
                "enable_service_links": true,
                "host_aliases": [],
                "host_ipc": false,
                "host_network": false,
                "host_pid": false,
                "hostname": "",
                "image_pull_secrets": [],
                "init_container": [],
                "node_name": "gke-my-gke-cluster-node1-cc2c1958-bqg6",
                "node_selector": {},
                "priority_class_name": "",
                "readiness_gate": [],
                "restart_policy": "Always",
                "runtime_class_name": "",
                "scheduler_name": "default-scheduler",
                "security_context": [],
                "service_account_name": "default",
                "share_process_namespace": false,
                "subdomain": "",
                "termination_grace_period_seconds": 30,
                "toleration": [],
                "topology_spread_constraint": [],
                "volume": []
              }
            ],
            "timeouts": null
          },
          "sensitive_attributes": [],
          "private": "eyJlMmJmYjczMC1lY2FhLTExZTYtOGY4OC0zNDM2M2JjN2M0YzAiOnsiY3JlYXRlIjozMDAwMDAwMDAwMDAsImRlbGV0ZSI6MzAwMDAwMDAwMDAwfSwic2NoZW1hX3ZlcnNpb24iOiIxIn0=",
          "dependencies": [
            "data.google_client_config.default",
            "module.k8s.google_container_cluster.gke-cluster"
          ]
        }
      ]
    },
    {
      "module": "module.k8s",
      "mode": "managed",
      "type": "kubernetes_service",
      "name": "service",
      "provider": "provider[\"registry.terraform.io/hashicorp/kubernetes\"]",
      "instances": [
        {
          "schema_version": 1,
          "attributes": {
            "id": "dev/project-demo-service",
            "metadata": [
              {
                "annotations": {},
                "generate_name": "",
                "generation": 0,
                "labels": {},
                "name": "project-demo-service",
                "namespace": "dev",
                "resource_version": "395691",
                "uid": "6f5dc927-e102-4ae5-b609-2cf51de7b4ab"
              }
            ],
            "spec": [
              {
                "allocate_load_balancer_node_ports": true,
                "cluster_ip": "10.111.252.5",
                "cluster_ips": [
                  "10.111.252.5"
                ],
                "external_ips": [],
                "external_name": "",
                "external_traffic_policy": "",
                "health_check_node_port": 0,
                "internal_traffic_policy": "Cluster",
                "ip_families": [
                  "IPv4"
                ],
                "ip_family_policy": "SingleStack",
                "load_balancer_class": "",
                "load_balancer_ip": "",
                "load_balancer_source_ranges": [],
                "port": [
                  {
                    "app_protocol": "",
                    "name": "",
                    "node_port": 0,
                    "port": 80,
                    "protocol": "TCP",
                    "target_port": "80"
                  }
                ],
                "publish_not_ready_addresses": false,
                "selector": {
                  "app": "nginx"
                },
                "session_affinity": "None",
                "session_affinity_config": [],
                "type": "ClusterIP"
              }
            ],
            "status": [
              {
                "load_balancer": [
                  {
                    "ingress": []
                  }
                ]
              }
            ],
            "timeouts": null,
            "wait_for_load_balancer": true
          },
          "sensitive_attributes": [],
          "private": "eyJlMmJmYjczMC1lY2FhLTExZTYtOGY4OC0zNDM2M2JjN2M0YzAiOnsiY3JlYXRlIjo2MDAwMDAwMDAwMDB9LCJzY2hlbWFfdmVyc2lvbiI6IjEifQ==",
          "dependencies": [
            "data.google_client_config.default",
            "module.k8s.google_container_cluster.gke-cluster",
            "module.k8s.kubernetes_pod.pod"
          ]
        }
      ]
    }
  ],
  "check_results": null
}
