{
  "version": 4,
  "terraform_version": "1.3.7",
  "serial": 1,
  "lineage": "09365287-f0f4-527c-8538-4dfad842f42f",
  "outputs": {},
  "resources": [
    {
      "mode": "data",
      "type": "google_client_config",
      "name": "default",
      "provider": "provider[\"registry.terraform.io/hashicorp/google\"]",
      "instances": [
        {
          "schema_version": 0,
          "attributes": {
            "access_token": "ya29.c.b0Aaekm1LRp5R86hd0s96I2ZyEXwfBmFrgwiCvha830K-L2wNc2W_N_vFcJ8NV8IWGbDd7fFMCodoDMV0bAdvfiGY_zX7_han7w5HWJUCy-sqpUqyzymss9yn30UDRK3CgTEllOQtXLAMcAVLy4cOkp56cmjEZnDxbu6nZpJJ7THwCMqlmJt7EpV0l3yBAsOLVCJreLJ7YSsxUyhTgGqGQuCKeKqxogpEYNuyaT5synTBsEyWGjQrT4GY0n8OlcLJupthhwpxZb81dww0py8LLsOmmY4WymdBXtvxnYiadSBsbfCUKyGYPeH7R-RnzTglQvOK5_rvSK7YL340CX-xO5ab166r_3Jm-v6g71xa_hdQs11sfXUO-6Y_kur1wgx4ugMBqrSrukVFn70yfJ2xlF3e4fBZtf8MVjZ5OV6X-Y31Ud5feQe6s3q0V6ypyW0-w2-ezQXcq96QYFkh3gjpadyMddSryRZ_kcV4wuBmBM1a43uberUjFjfviVI7snRj8h5FWOyX-MrRre3apvgYIWf4skxgllqojIybV7eVYae650fJWatIgOdh1urxppY_nrdnWeyWqx15f_l6yQ-YIb2m3lfMQQr4buonaYqdQSjUMQJlSbcQq5irvom1W2V2q_dysMl8SbqOUJ-ysae2ssfsgVooX2ct2S9grj3s2wvMu208deY_eW64FojYVkM_5FxFgFWvxjrjglYlJdBOpqcvo4btxF6jX2ikudijnfajjQtsd9SibXIbQ_RRW79dayqSQ2dt46wgnyM5Mm3kakpQZ3XveUr7W8V8lX8bezMvd5m-bZJ4Iu-fe5cZ5xVcl1zss5XVhRQFszMhXcZuiJnFWXeg8528nv7iaUuJ7pfn4m6-0tdy7FQYqImYMxIfg9nyF5sJnSxM77l429k7wx08QbvI6u8zen6jyQVSgvc7YQeZ1fBjdVIc2cU8Bij2tp-_eWmZMVISsXUMqp89p1qZWh7l6Z6qnYZ4n6l9v02vv3ZZRfkxj30W",
            "id": "projects/project-demo-prod-385204/regions/us-central1/zones/us-central1-c",
            "project": "project-demo-prod-385204",
            "region": "us-central1",
            "zone": "us-central1-c"
          },
          "sensitive_attributes": []
        }
      ]
    },
    {
      "mode": "managed",
      "type": "google_compute_network",
      "name": "vpc_network",
      "provider": "provider[\"registry.terraform.io/hashicorp/google\"]",
      "instances": [
        {
          "schema_version": 0,
          "attributes": {
            "auto_create_subnetworks": true,
            "delete_default_routes_on_create": false,
            "description": "",
            "enable_ula_internal_ipv6": false,
            "gateway_ipv4": "",
            "id": "projects/project-demo-prod-385204/global/networks/terraform-network",
            "internal_ipv6_range": "",
            "mtu": 0,
            "name": "terraform-network",
            "project": "project-demo-prod-385204",
            "routing_mode": "REGIONAL",
            "self_link": "https://www.googleapis.com/compute/v1/projects/project-demo-prod-385204/global/networks/terraform-network",
            "timeouts": null
          },
          "sensitive_attributes": [],
          "private": "eyJlMmJmYjczMC1lY2FhLTExZTYtOGY4OC0zNDM2M2JjN2M0YzAiOnsiY3JlYXRlIjoxMjAwMDAwMDAwMDAwLCJkZWxldGUiOjEyMDAwMDAwMDAwMDAsInVwZGF0ZSI6MTIwMDAwMDAwMDAwMH19"
        }
      ]
    },
    {
      "module": "module.k8s",
      "mode": "managed",
      "type": "google_container_cluster",
      "name": "gke-cluster",
      "provider": "provider[\"registry.terraform.io/hashicorp/google\"]",
      "instances": []
    },
    {
      "module": "module.k8s",
      "mode": "managed",
      "type": "google_container_node_pool",
      "name": "primary_preemptible_nodes",
      "provider": "provider[\"registry.terraform.io/hashicorp/google\"]",
      "instances": []
    }
  ],
  "check_results": null
}
